
Microsoft Visual Studio Solution File, Format Version 12.00
# Visual Studio Version 16
VisualStudioVersion = 16.0.28803.352
MinimumVisualStudioVersion = 10.0.40219.1
Project("{2150E333-8FDC-42A3-9474-1A3956D46DE8}") = "BusinessLogic", "BusinessLogic", "{D51B12C9-11DD-40B6-867A-DC7971312613}"
EndProject
Project("{9A19103F-16F7-4668-BE54-9A1E7A4F7556}") = "BusinessLogic", "BusinessLogic\BusinessLogic\BusinessLogic.csproj", "{0260F1CF-0E1C-4F50-898E-6A2431CF1A62}"
EndProject
Project("{9A19103F-16F7-4668-BE54-9A1E7A4F7556}") = "BusinessLogic.Tests", "BusinessLogic\BusinessLogic.Tests\BusinessLogic.Tests.csproj", "{898FCCCD-506F-47F0-8AA4-8DEA371233C8}"
EndProject
Project("{2150E333-8FDC-42A3-9474-1A3956D46DE8}") = "Views", "Views", "{63446963-26F2-4030-A60C-872642855463}"
EndProject
Project("{9A19103F-16F7-4668-BE54-9A1E7A4F7556}") = "SharedTestingResources", "SharedTestingResources\SharedTestingResources.csproj", "{EC2046A4-28C8-4A07-9D0A-79E80EDAF2D3}"
EndProject
Project("{2150E333-8FDC-42A3-9474-1A3956D46DE8}") = "Solution Items", "Solution Items", "{73BF334E-475C-497D-8D16-D0DFD40B6A95}"
	ProjectSection(SolutionItems) = preProject
		DomainLanguage.md = DomainLanguage.md
	EndProjectSection
EndProject
Project("{9A19103F-16F7-4668-BE54-9A1E7A4F7556}") = "ProjectBlueRadium.Spec", "ProjectBlueRadium.Spec\ProjectBlueRadium.Spec.csproj", "{E41EC74E-3850-48D3-9C51-3FBF963CBFD2}"
EndProject
Project("{9A19103F-16F7-4668-BE54-9A1E7A4F7556}") = "SadConsoleView", "Views\SadConsoleView\SadConsoleView.csproj", "{731BDBAE-E0E5-4024-8CD7-66768C4C525A}"
EndProject
Project("{9A19103F-16F7-4668-BE54-9A1E7A4F7556}") = "SharedViewResources", "SharedViewResources\SharedViewResources.csproj", "{C70DB373-A11E-4E80-8EAF-A4D224F471D2}"
EndProject
Global
	GlobalSection(SolutionConfigurationPlatforms) = preSolution
		Debug|Any CPU = Debug|Any CPU
		Release|Any CPU = Release|Any CPU
	EndGlobalSection
	GlobalSection(ProjectConfigurationPlatforms) = postSolution
		{0260F1CF-0E1C-4F50-898E-6A2431CF1A62}.Debug|Any CPU.ActiveCfg = Debug|Any CPU
		{0260F1CF-0E1C-4F50-898E-6A2431CF1A62}.Debug|Any CPU.Build.0 = Debug|Any CPU
		{0260F1CF-0E1C-4F50-898E-6A2431CF1A62}.Release|Any CPU.ActiveCfg = Release|Any CPU
		{0260F1CF-0E1C-4F50-898E-6A2431CF1A62}.Release|Any CPU.Build.0 = Release|Any CPU
		{898FCCCD-506F-47F0-8AA4-8DEA371233C8}.Debug|Any CPU.ActiveCfg = Debug|Any CPU
		{898FCCCD-506F-47F0-8AA4-8DEA371233C8}.Debug|Any CPU.Build.0 = Debug|Any CPU
		{898FCCCD-506F-47F0-8AA4-8DEA371233C8}.Release|Any CPU.ActiveCfg = Release|Any CPU
		{898FCCCD-506F-47F0-8AA4-8DEA371233C8}.Release|Any CPU.Build.0 = Release|Any CPU
		{EC2046A4-28C8-4A07-9D0A-79E80EDAF2D3}.Debug|Any CPU.ActiveCfg = Debug|Any CPU
		{EC2046A4-28C8-4A07-9D0A-79E80EDAF2D3}.Debug|Any CPU.Build.0 = Debug|Any CPU
		{EC2046A4-28C8-4A07-9D0A-79E80EDAF2D3}.Release|Any CPU.ActiveCfg = Release|Any CPU
		{EC2046A4-28C8-4A07-9D0A-79E80EDAF2D3}.Release|Any CPU.Build.0 = Release|Any CPU
		{E41EC74E-3850-48D3-9C51-3FBF963CBFD2}.Debug|Any CPU.ActiveCfg = Debug|Any CPU
		{E41EC74E-3850-48D3-9C51-3FBF963CBFD2}.Debug|Any CPU.Build.0 = Debug|Any CPU
		{E41EC74E-3850-48D3-9C51-3FBF963CBFD2}.Release|Any CPU.ActiveCfg = Release|Any CPU
		{E41EC74E-3850-48D3-9C51-3FBF963CBFD2}.Release|Any CPU.Build.0 = Release|Any CPU
		{731BDBAE-E0E5-4024-8CD7-66768C4C525A}.Debug|Any CPU.ActiveCfg = Debug|Any CPU
		{731BDBAE-E0E5-4024-8CD7-66768C4C525A}.Debug|Any CPU.Build.0 = Debug|Any CPU
		{731BDBAE-E0E5-4024-8CD7-66768C4C525A}.Release|Any CPU.ActiveCfg = Release|Any CPU
		{731BDBAE-E0E5-4024-8CD7-66768C4C525A}.Release|Any CPU.Build.0 = Release|Any CPU
		{C70DB373-A11E-4E80-8EAF-A4D224F471D2}.Debug|Any CPU.ActiveCfg = Debug|Any CPU
		{C70DB373-A11E-4E80-8EAF-A4D224F471D2}.Debug|Any CPU.Build.0 = Debug|Any CPU
		{C70DB373-A11E-4E80-8EAF-A4D224F471D2}.Release|Any CPU.ActiveCfg = Release|Any CPU
		{C70DB373-A11E-4E80-8EAF-A4D224F471D2}.Release|Any CPU.Build.0 = Release|Any CPU
	EndGlobalSection
	GlobalSection(SolutionProperties) = preSolution
		HideSolutionNode = FALSE
	EndGlobalSection
	GlobalSection(NestedProjects) = preSolution
		{0260F1CF-0E1C-4F50-898E-6A2431CF1A62} = {D51B12C9-11DD-40B6-867A-DC7971312613}
		{898FCCCD-506F-47F0-8AA4-8DEA371233C8} = {D51B12C9-11DD-40B6-867A-DC7971312613}
		{731BDBAE-E0E5-4024-8CD7-66768C4C525A} = {63446963-26F2-4030-A60C-872642855463}
		{C70DB373-A11E-4E80-8EAF-A4D224F471D2} = {63446963-26F2-4030-A60C-872642855463}
	EndGlobalSection
	GlobalSection(ExtensibilityGlobals) = postSolution
		SolutionGuid = {A5819021-DBF9-47C3-B8CF-DDDC847BE01E}
	EndGlobalSection
EndGlobal
